
Microsoft Visual Studio Solution File, Format Version 12.00
# Visual Studio Version 16
VisualStudioVersion = 16.0.31702.278
MinimumVisualStudioVersion = 10.0.40219.1
Project("{8BC9CEB8-8B4A-11D0-8D11-00A0C91BC942}") = "Interface", "Interface\Interface.vcxproj", "{79CF201E-8089-4BEA-BA08-85F75AF87BD9}"
EndProject
Global
	GlobalSection(SolutionConfigurationPlatforms) = preSolution
		Debug|x64 = Debug|x64
		Release|x64 = Release|x64
	EndGlobalSection
	GlobalSection(ProjectConfigurationPlatforms) = postSolution
		{79CF201E-8089-4BEA-BA08-85F75AF87BD9}.Debug|x64.ActiveCfg = Debug|x64
		{79CF201E-8089-4BEA-BA08-85F75AF87BD9}.Debug|x64.Build.0 = Debug|x64
		{79CF201E-8089-4BEA-BA08-85F75AF87BD9}.Release|x64.ActiveCfg = Release|x64
		{79CF201E-8089-4BEA-BA08-85F75AF87BD9}.Release|x64.Build.0 = Release|x64
	EndGlobalSection
	GlobalSection(SolutionProperties) = preSolution
		HideSolutionNode = FALSE
	EndGlobalSection
	GlobalSection(ExtensibilityGlobals) = postSolution
		SolutionGuid = {16ACBF0F-D784-4C72-8AA6-16F8555D5AB4}
	EndGlobalSection
EndGlobal
